
Microsoft Visual Studio Solution File, Format Version 12.00
# Visual Studio Version 16
VisualStudioVersion = 16.0.29418.71
MinimumVisualStudioVersion = 10.0.40219.1
Project("{9A19103F-16F7-4668-BE54-9A1E7A4F7556}") = "EntitySynchronization.Server", "EntitySynchronizationServer\EntitySynchronization.Server.csproj", "{6AFD874F-24BB-4B75-A165-EA519977BD7B}"
EndProject
Project("{9A19103F-16F7-4668-BE54-9A1E7A4F7556}") = "EntitySynchronization.Client", "EntitySynchronizationClient\EntitySynchronization.Client.csproj", "{61EBC8B7-1CDD-4D60-8108-8EC34AE365E9}"
EndProject
Project("{2150E333-8FDC-42A3-9474-1A3956D46DE8}") = "Server", "Server", "{18C50636-4DF0-43ED-930D-8839F7D88E6B}"
EndProject
Project("{2150E333-8FDC-42A3-9474-1A3956D46DE8}") = "Client", "Client", "{B9F3BF48-FB95-4204-9685-F2B4790DD661}"
EndProject
Project("{2150E333-8FDC-42A3-9474-1A3956D46DE8}") = "Shared", "Shared", "{63BA67B1-85BA-4806-AA1B-812C17DC20DB}"
EndProject
Project("{9A19103F-16F7-4668-BE54-9A1E7A4F7556}") = "EntitySynchronization.Packet", "EntitySynchronizationPacket\EntitySynchronization.Packet.csproj", "{F89F68ED-3C62-45BD-B852-9944A61CF7C6}"
EndProject
Project("{FAE04EC0-301F-11D3-BF4B-00C04F79EFBC}") = "EntitySynchronization.Core", "EntitySynchronization.Core\EntitySynchronization.Core.csproj", "{4F6A6D36-3B9F-4298-87AA-332714305F16}"
EndProject
Project("{2150E333-8FDC-42A3-9474-1A3956D46DE8}") = "Tests", "Tests", "{6EE84291-CF36-48E1-B6EA-6F5EA179957C}"
EndProject
Project("{FAE04EC0-301F-11D3-BF4B-00C04F79EFBC}") = "EntitySynchronization.Test", "EntitySynchronization.Test\EntitySynchronization.Test.csproj", "{2239395E-479C-4956-B4AE-29B4597C35BC}"
EndProject
Global
	GlobalSection(SolutionConfigurationPlatforms) = preSolution
		Debug|Any CPU = Debug|Any CPU
		Release|Any CPU = Release|Any CPU
	EndGlobalSection
	GlobalSection(ProjectConfigurationPlatforms) = postSolution
		{6AFD874F-24BB-4B75-A165-EA519977BD7B}.Debug|Any CPU.ActiveCfg = Debug|Any CPU
		{6AFD874F-24BB-4B75-A165-EA519977BD7B}.Debug|Any CPU.Build.0 = Debug|Any CPU
		{6AFD874F-24BB-4B75-A165-EA519977BD7B}.Release|Any CPU.ActiveCfg = Release|Any CPU
		{6AFD874F-24BB-4B75-A165-EA519977BD7B}.Release|Any CPU.Build.0 = Release|Any CPU
		{61EBC8B7-1CDD-4D60-8108-8EC34AE365E9}.Debug|Any CPU.ActiveCfg = Debug|Any CPU
		{61EBC8B7-1CDD-4D60-8108-8EC34AE365E9}.Debug|Any CPU.Build.0 = Debug|Any CPU
		{61EBC8B7-1CDD-4D60-8108-8EC34AE365E9}.Release|Any CPU.ActiveCfg = Release|Any CPU
		{61EBC8B7-1CDD-4D60-8108-8EC34AE365E9}.Release|Any CPU.Build.0 = Release|Any CPU
		{F89F68ED-3C62-45BD-B852-9944A61CF7C6}.Debug|Any CPU.ActiveCfg = Debug|Any CPU
		{F89F68ED-3C62-45BD-B852-9944A61CF7C6}.Debug|Any CPU.Build.0 = Debug|Any CPU
		{F89F68ED-3C62-45BD-B852-9944A61CF7C6}.Release|Any CPU.ActiveCfg = Release|Any CPU
		{F89F68ED-3C62-45BD-B852-9944A61CF7C6}.Release|Any CPU.Build.0 = Release|Any CPU
		{4F6A6D36-3B9F-4298-87AA-332714305F16}.Debug|Any CPU.ActiveCfg = Debug|Any CPU
		{4F6A6D36-3B9F-4298-87AA-332714305F16}.Debug|Any CPU.Build.0 = Debug|Any CPU
		{4F6A6D36-3B9F-4298-87AA-332714305F16}.Release|Any CPU.ActiveCfg = Release|Any CPU
		{4F6A6D36-3B9F-4298-87AA-332714305F16}.Release|Any CPU.Build.0 = Release|Any CPU
		{2239395E-479C-4956-B4AE-29B4597C35BC}.Debug|Any CPU.ActiveCfg = Debug|Any CPU
		{2239395E-479C-4956-B4AE-29B4597C35BC}.Debug|Any CPU.Build.0 = Debug|Any CPU
		{2239395E-479C-4956-B4AE-29B4597C35BC}.Release|Any CPU.ActiveCfg = Release|Any CPU
		{2239395E-479C-4956-B4AE-29B4597C35BC}.Release|Any CPU.Build.0 = Release|Any CPU
	EndGlobalSection
	GlobalSection(SolutionProperties) = preSolution
		HideSolutionNode = FALSE
	EndGlobalSection
	GlobalSection(NestedProjects) = preSolution
		{6AFD874F-24BB-4B75-A165-EA519977BD7B} = {18C50636-4DF0-43ED-930D-8839F7D88E6B}
		{61EBC8B7-1CDD-4D60-8108-8EC34AE365E9} = {B9F3BF48-FB95-4204-9685-F2B4790DD661}
		{F89F68ED-3C62-45BD-B852-9944A61CF7C6} = {63BA67B1-85BA-4806-AA1B-812C17DC20DB}
		{4F6A6D36-3B9F-4298-87AA-332714305F16} = {63BA67B1-85BA-4806-AA1B-812C17DC20DB}
		{2239395E-479C-4956-B4AE-29B4597C35BC} = {6EE84291-CF36-48E1-B6EA-6F5EA179957C}
	EndGlobalSection
	GlobalSection(ExtensibilityGlobals) = postSolution
		SolutionGuid = {597B1DEE-5A27-4210-8F53-7B1F99670586}
	EndGlobalSection
EndGlobal
